// !$*UTF8*$!
{
	archiveVersion = 1;
	classes = {
	};
	objectVersion = 46;
	objects = {

/* Begin PBXBuildFile section */
		C226A6A11CA50FB80063E68B /* main.m in Sources */ = {isa = PBXBuildFile; fileRef = C226A6A01CA50FB80063E68B /* main.m */; };
		C226A6A41CA50FB80063E68B /* AppDelegate.m in Sources */ = {isa = PBXBuildFile; fileRef = C226A6A31CA50FB80063E68B /* AppDelegate.m */; };
		C226A6A71CA50FB80063E68B /* ViewController.m in Sources */ = {isa = PBXBuildFile; fileRef = C226A6A61CA50FB80063E68B /* ViewController.m */; };
		C226A6AA1CA50FB80063E68B /* Main.storyboard in Resources */ = {isa = PBXBuildFile; fileRef = C226A6A81CA50FB80063E68B /* Main.storyboard */; };
		C226A6AC1CA50FB80063E68B /* Assets.xcassets in Resources */ = {isa = PBXBuildFile; fileRef = C226A6AB1CA50FB80063E68B /* Assets.xcassets */; };
		C226A6AF1CA50FB80063E68B /* LaunchScreen.storyboard in Resources */ = {isa = PBXBuildFile; fileRef = C226A6AD1CA50FB80063E68B /* LaunchScreen.storyboard */; };
		CFE57DB0EC5E0B8606C5AEC9 /* libPods.a in Frameworks */ = {isa = PBXBuildFile; fileRef = 53B525760AB8ADDD50D2278E /* libPods.a */; };
/* End PBXBuildFile section */

/* Begin PBXFileReference section */
		53B525760AB8ADDD50D2278E /* libPods.a */ = {isa = PBXFileReference; explicitFileType = archive.ar; includeInIndex = 0; path = libPods.a; sourceTree = BUILT_PRODUCTS_DIR; };
		92C2A9F99D5E9683F7AAD30A /* Pods.release.xcconfig */ = {isa = PBXFileReference; includeInIndex = 1; lastKnownFileType = text.xcconfig; name = Pods.release.xcconfig; path = "Pods/Target Support Files/Pods/Pods.release.xcconfig"; sourceTree = "<group>"; };
		C226A69C1CA50FB70063E68B /* hunter.app */ = {isa = PBXFileReference; explicitFileType = wrapper.application; includeInIndex = 0; path = hunter.app; sourceTree = BUILT_PRODUCTS_DIR; };
		C226A6A01CA50FB80063E68B /* main.m */ = {isa = PBXFileReference; lastKnownFileType = sourcecode.c.objc; path = main.m; sourceTree = "<group>"; };
		C226A6A21CA50FB80063E68B /* AppDelegate.h */ = {isa = PBXFileReference; lastKnownFileType = sourcecode.c.h; path = AppDelegate.h; sourceTree = "<group>"; };
		C226A6A31CA50FB80063E68B /* AppDelegate.m */ = {isa = PBXFileReference; lastKnownFileType = sourcecode.c.objc; path = AppDelegate.m; sourceTree = "<group>"; };
		C226A6A51CA50FB80063E68B /* ViewController.h */ = {isa = PBXFileReference; lastKnownFileType = sourcecode.c.h; path = ViewController.h; sourceTree = "<group>"; };
		C226A6A61CA50FB80063E68B /* ViewController.m */ = {isa = PBXFileReference; lastKnownFileType = sourcecode.c.objc; path = ViewController.m; sourceTree = "<group>"; };
		C226A6A91CA50FB80063E68B /* Base */ = {isa = PBXFileReference; lastKnownFileType = file.storyboard; name = Base; path = Base.lproj/Main.storyboard; sourceTree = "<group>"; };
		C226A6AB1CA50FB80063E68B /* Assets.xcassets */ = {isa = PBXFileReference; lastKnownFileType = folder.assetcatalog; path = Assets.xcassets; sourceTree = "<group>"; };
		C226A6AE1CA50FB80063E68B /* Base */ = {isa = PBXFileReference; lastKnownFileType = file.storyboard; name = Base; path = Base.lproj/LaunchScreen.storyboard; sourceTree = "<group>"; };
		C226A6B01CA50FB80063E68B /* Info.plist */ = {isa = PBXFileReference; lastKnownFileType = text.plist.xml; path = Info.plist; sourceTree = "<group>"; };
		C33D9813DE2FFB2C7FF66746 /* Pods.debug.xcconfig */ = {isa = PBXFileReference; includeInIndex = 1; lastKnownFileType = text.xcconfig; name = Pods.debug.xcconfig; path = "Pods/Target Support Files/Pods/Pods.debug.xcconfig"; sourceTree = "<group>"; };
/* End PBXFileReference section */

/* Begin PBXFrameworksBuildPhase section */
		C226A6991CA50FB70063E68B /* Frameworks */ = {
			isa = PBXFrameworksBuildPhase;
			buildActionMask = 2147483647;
			files = (
				CFE57DB0EC5E0B8606C5AEC9 /* libPods.a in Frameworks */,
			);
			runOnlyForDeploymentPostprocessing = 0;
		};
/* End PBXFrameworksBuildPhase section */

/* Begin PBXGroup section */
		076AFB3E69B61E0091E104C1 /* Frameworks */ = {
			isa = PBXGroup;
			children = (
				53B525760AB8ADDD50D2278E /* libPods.a */,
			);
			name = Frameworks;
			sourceTree = "<group>";
		};
		C226A6931CA50FB70063E68B = {
			isa = PBXGroup;
			children = (
				C226A69E1CA50FB70063E68B /* hunter */,
				C226A69D1CA50FB70063E68B /* Products */,
				E4266794A5410A4D8AF6E2E2 /* Pods */,
				076AFB3E69B61E0091E104C1 /* Frameworks */,
			);
			sourceTree = "<group>";
		};
		C226A69D1CA50FB70063E68B /* Products */ = {
			isa = PBXGroup;
			children = (
				C226A69C1CA50FB70063E68B /* hunter.app */,
			);
			name = Products;
			sourceTree = "<group>";
		};
		C226A69E1CA50FB70063E68B /* hunter */ = {
			isa = PBXGroup;
			children = (
				C226A6A21CA50FB80063E68B /* AppDelegate.h */,
				C226A6A31CA50FB80063E68B /* AppDelegate.m */,
				C226A6A51CA50FB80063E68B /* ViewController.h */,
				C226A6A61CA50FB80063E68B /* ViewController.m */,
				C226A6A81CA50FB80063E68B /* Main.storyboard */,
				C226A6AB1CA50FB80063E68B /* Assets.xcassets */,
				C226A6AD1CA50FB80063E68B /* LaunchScreen.storyboard */,
				C226A6B01CA50FB80063E68B /* Info.plist */,
				C226A69F1CA50FB70063E68B /* Supporting Files */,
			);
			path = hunter;
			sourceTree = "<group>";
		};
		C226A69F1CA50FB70063E68B /* Supporting Files */ = {
			isa = PBXGroup;
			children = (
				C226A6A01CA50FB80063E68B /* main.m */,
			);
			name = "Supporting Files";
			sourceTree = "<group>";
		};
		E4266794A5410A4D8AF6E2E2 /* Pods */ = {
			isa = PBXGroup;
			children = (
				C33D9813DE2FFB2C7FF66746 /* Pods.debug.xcconfig */,
				92C2A9F99D5E9683F7AAD30A /* Pods.release.xcconfig */,
			);
			name = Pods;
			sourceTree = "<group>";
		};
/* End PBXGroup section */

/* Begin PBXNativeTarget section */
		C226A69B1CA50FB70063E68B /* hunter */ = {
			isa = PBXNativeTarget;
			buildConfigurationList = C226A6B31CA50FB80063E68B /* Build configuration list for PBXNativeTarget "hunter" */;
			buildPhases = (
				561E9CF200BE903095884ECA /* Check Pods Manifest.lock */,
				C226A6981CA50FB70063E68B /* Sources */,
				C226A6991CA50FB70063E68B /* Frameworks */,
				C226A69A1CA50FB70063E68B /* Resources */,
				5A8EFDAEA179CC1959524583 /* Embed Pods Frameworks */,
				6205BAABE1F2B8177E50631B /* Copy Pods Resources */,
			);
			buildRules = (
			);
			dependencies = (
			);
			name = hunter;
			productName = hunter;
			productReference = C226A69C1CA50FB70063E68B /* hunter.app */;
			productType = "com.apple.product-type.application";
		};
/* End PBXNativeTarget section */

/* Begin PBXProject section */
		C226A6941CA50FB70063E68B /* Project object */ = {
			isa = PBXProject;
			attributes = {
				LastUpgradeCheck = 0700;
				ORGANIZATIONNAME = lanou.3g;
				TargetAttributes = {
					C226A69B1CA50FB70063E68B = {
						CreatedOnToolsVersion = 7.0;
					};
				};
			};
			buildConfigurationList = C226A6971CA50FB70063E68B /* Build configuration list for PBXProject "hunter" */;
			compatibilityVersion = "Xcode 3.2";
			developmentRegion = English;
			hasScannedForEncodings = 0;
			knownRegions = (
				en,
				Base,
			);
			mainGroup = C226A6931CA50FB70063E68B;
			productRefGroup = C226A69D1CA50FB70063E68B /* Products */;
			projectDirPath = "";
			projectRoot = "";
			targets = (
				C226A69B1CA50FB70063E68B /* hunter */,
			);
		};
/* End PBXProject section */

/* Begin PBXResourcesBuildPhase section */
		C226A69A1CA50FB70063E68B /* Resources */ = {
			isa = PBXResourcesBuildPhase;
			buildActionMask = 2147483647;
			files = (
				C226A6AF1CA50FB80063E68B /* LaunchScreen.storyboard in Resources */,
				C226A6AC1CA50FB80063E68B /* Assets.xcassets in Resources */,
				C226A6AA1CA50FB80063E68B /* Main.storyboard in Resources */,
			);
			runOnlyForDeploymentPostprocessing = 0;
		};
/* End PBXResourcesBuildPhase section */

/* Begin PBXShellScriptBuildPhase section */
		561E9CF200BE903095884ECA /* Check Pods Manifest.lock */ = {
			isa = PBXShellScriptBuildPhase;
			buildActionMask = 2147483647;
			files = (
			);
			inputPaths = (
			);
			name = "Check Pods Manifest.lock";
			outputPaths = (
			);
			runOnlyForDeploymentPostprocessing = 0;
			shellPath = /bin/sh;
			shellScript = "diff \"${PODS_ROOT}/../Podfile.lock\" \"${PODS_ROOT}/Manifest.lock\" > /dev/null\nif [[ $? != 0 ]] ; then\n    cat << EOM\nerror: The sandbox is not in sync with the Podfile.lock. Run 'pod install' or update your CocoaPods installation.\nEOM\n    exit 1\nfi\n";
			showEnvVarsInLog = 0;
		};
		5A8EFDAEA179CC1959524583 /* Embed Pods Frameworks */ = {
			isa = PBXShellScriptBuildPhase;
			buildActionMask = 2147483647;
			files = (
			);
			inputPaths = (
			);
			name = "Embed Pods Frameworks";
			outputPaths = (
			);
			runOnlyForDeploymentPostprocessing = 0;
			shellPath = /bin/sh;
			shellScript = "\"${SRCROOT}/Pods/Target Support Files/Pods/Pods-frameworks.sh\"\n";
			showEnvVarsInLog = 0;
		};
		6205BAABE1F2B8177E50631B /* Copy Pods Resources */ = {
			isa = PBXShellScriptBuildPhase;
			buildActionMask = 2147483647;
			files = (
			);
			inputPaths = (
			);
			name = "Copy Pods Resources";
			outputPaths = (
			);
			runOnlyForDeploymentPostprocessing = 0;
			shellPath = /bin/sh;
			shellScript = "\"${SRCROOT}/Pods/Target Support Files/Pods/Pods-resources.sh\"\n";
			showEnvVarsInLog = 0;
		};
/* End PBXShellScriptBuildPhase section */

/* Begin PBXSourcesBuildPhase section */
		C226A6981CA50FB70063E68B /* Sources */ = {
			isa = PBXSourcesBuildPhase;
			buildActionMask = 2147483647;
			files = (
				C226A6A71CA50FB80063E68B /* ViewController.m in Sources */,
				C226A6A41CA50FB80063E68B /* AppDelegate.m in Sources */,
				C226A6A11CA50FB80063E68B /* main.m in Sources */,
			);
			runOnlyForDeploymentPostprocessing = 0;
		};
/* End PBXSourcesBuildPhase section */

/* Begin PBXVariantGroup section */
		C226A6A81CA50FB80063E68B /* Main.storyboard */ = {
			isa = PBXVariantGroup;
			children = (
				C226A6A91CA50FB80063E68B /* Base */,
			);
			name = Main.storyboard;
			sourceTree = "<group>";
		};
		C226A6AD1CA50FB80063E68B /* LaunchScreen.storyboard */ = {
			isa = PBXVariantGroup;
			children = (
				C226A6AE1CA50FB80063E68B /* Base */,
			);
			name = LaunchScreen.storyboard;
			sourceTree = "<group>";
		};
/* End PBXVariantGroup section */

/* Begin XCBuildConfiguration section */
		C226A6B11CA50FB80063E68B /* Debug */ = {
			isa = XCBuildConfiguration;
			buildSettings = {
				ALWAYS_SEARCH_USER_PATHS = NO;
				CLANG_CXX_LANGUAGE_STANDARD = "gnu++0x";
				CLANG_CXX_LIBRARY = "libc++";
				CLANG_ENABLE_MODULES = YES;
				CLANG_ENABLE_OBJC_ARC = YES;
				CLANG_WARN_BOOL_CONVERSION = YES;
				CLANG_WARN_CONSTANT_CONVERSION = YES;
				CLANG_WARN_DIRECT_OBJC_ISA_USAGE = YES_ERROR;
				CLANG_WARN_EMPTY_BODY = YES;
				CLANG_WARN_ENUM_CONVERSION = YES;
				CLANG_WARN_INT_CONVERSION = YES;
				CLANG_WARN_OBJC_ROOT_CLASS = YES_ERROR;
				CLANG_WARN_UNREACHABLE_CODE = YES;
				CLANG_WARN__DUPLICATE_METHOD_MATCH = YES;
				"CODE_SIGN_IDENTITY[sdk=iphoneos*]" = "iPhone Developer";
				COPY_PHASE_STRIP = NO;
				DEBUG_INFORMATION_FORMAT = dwarf;
				ENABLE_STRICT_OBJC_MSGSEND = YES;
				ENABLE_TESTABILITY = YES;
				GCC_C_LANGUAGE_STANDARD = gnu99;
				GCC_DYNAMIC_NO_PIC = NO;
				GCC_NO_COMMON_BLOCKS = YES;
				GCC_OPTIMIZATION_LEVEL = 0;
				GCC_PREPROCESSOR_DEFINITIONS = (
					"DEBUG=1",
					"$(inherited)",
				);
				GCC_WARN_64_TO_32_BIT_CONVERSION = YES;
				GCC_WARN_ABOUT_RETURN_TYPE = YES_ERROR;
				GCC_WARN_UNDECLARED_SELECTOR = YES;
				GCC_WARN_UNINITIALIZED_AUTOS = YES_AGGRESSIVE;
				GCC_WARN_UNUSED_FUNCTION = YES;
				GCC_WARN_UNUSED_VARIABLE = YES;
				IPHONEOS_DEPLOYMENT_TARGET = 9.0;
				MTL_ENABLE_DEBUG_INFO = YES;
				ONLY_ACTIVE_ARCH = YES;
				SDKROOT = iphoneos;
				TARGETED_DEVICE_FAMILY = "1,2";
			};
			name = Debug;
		};
		C226A6B21CA50FB80063E68B /* Release */ = {
			isa = XCBuildConfiguration;
			buildSettings = {
				ALWAYS_SEARCH_USER_PATHS = NO;
				CLANG_CXX_LANGUAGE_STANDARD = "gnu++0x";
				CLANG_CXX_LIBRARY = "libc++";
				CLANG_ENABLE_MODULES = YES;
				CLANG_ENABLE_OBJC_ARC = YES;
				CLANG_WARN_BOOL_CONVERSION = YES;
				CLANG_WARN_CONSTANT_CONVERSION = YES;
				CLANG_WARN_DIRECT_OBJC_ISA_USAGE = YES_ERROR;
				CLANG_WARN_EMPTY_BODY = YES;
				CLANG_WARN_ENUM_CONVERSION = YES;
				CLANG_WARN_INT_CONVERSION = YES;
				CLANG_WARN_OBJC_ROOT_CLASS = YES_ERROR;
				CLANG_WARN_UNREACHABLE_CODE = YES;
				CLANG_WARN__DUPLICATE_METHOD_MATCH = YES;
				"CODE_SIGN_IDENTITY[sdk=iphoneos*]" = "iPhone Developer";
				COPY_PHASE_STRIP = NO;
				DEBUG_INFORMATION_FORMAT = "dwarf-with-dsym";
				ENABLE_NS_ASSERTIONS = NO;
				ENABLE_STRICT_OBJC_MSGSEND = YES;
				GCC_C_LANGUAGE_STANDARD = gnu99;
				GCC_NO_COMMON_BLOCKS = YES;
				GCC_WARN_64_TO_32_BIT_CONVERSION = YES;
				GCC_WARN_ABOUT_RETURN_TYPE = YES_ERROR;
				GCC_WARN_UNDECLARED_SELECTOR = YES;
				GCC_WARN_UNINITIALIZED_AUTOS = YES_AGGRESSIVE;
				GCC_WARN_UNUSED_FUNCTION = YES;
				GCC_WARN_UNUSED_VARIABLE = YES;
				IPHONEOS_DEPLOYMENT_TARGET = 9.0;
				MTL_ENABLE_DEBUG_INFO = NO;
				SDKROOT = iphoneos;
				TARGETED_DEVICE_FAMILY = "1,2";
				VALIDATE_PRODUCT = YES;
			};
			name = Release;
		};
		C226A6B41CA50FB80063E68B /* Debug */ = {
			isa = XCBuildConfiguration;
			baseConfigurationReference = C33D9813DE2FFB2C7FF66746 /* Pods.debug.xcconfig */;
			buildSettings = {
				ASSETCATALOG_COMPILER_APPICON_NAME = AppIcon;
				INFOPLIST_FILE = hunter/Info.plist;
				LD_RUNPATH_SEARCH_PATHS = "$(inherited) @executable_path/Frameworks";
				PRODUCT_BUNDLE_IDENTIFIER = com.lanou3g.hunter;
				PRODUCT_NAME = "$(TARGET_NAME)";
			};
			name = Debug;
		};
		C226A6B51CA50FB80063E68B /* Release */ = {
			isa = XCBuildConfiguration;
			baseConfigurationReference = 92C2A9F99D5E9683F7AAD30A /* Pods.release.xcconfig */;
			buildSettings = {
				ASSETCATALOG_COMPILER_APPICON_NAME = AppIcon;
				INFOPLIST_FILE = hunter/Info.plist;
				LD_RUNPATH_SEARCH_PATHS = "$(inherited) @executable_path/Frameworks";
				PRODUCT_BUNDLE_IDENTIFIER = com.lanou3g.hunter;
				PRODUCT_NAME = "$(TARGET_NAME)";
			};
			name = Release;
		};
/* End XCBuildConfiguration section */

/* Begin XCConfigurationList section */
		C226A6971CA50FB70063E68B /* Build configuration list for PBXProject "hunter" */ = {
			isa = XCConfigurationList;
			buildConfigurations = (
				C226A6B11CA50FB80063E68B /* Debug */,
				C226A6B21CA50FB80063E68B /* Release */,
			);
			defaultConfigurationIsVisible = 0;
			defaultConfigurationName = Release;
		};
		C226A6B31CA50FB80063E68B /* Build configuration list for PBXNativeTarget "hunter" */ = {
			isa = XCConfigurationList;
			buildConfigurations = (
				C226A6B41CA50FB80063E68B /* Debug */,
				C226A6B51CA50FB80063E68B /* Release */,
			);
			defaultConfigurationIsVisible = 0;
			defaultConfigurationName = Release;
		};
/* End XCConfigurationList section */
	};
	rootObject = C226A6941CA50FB70063E68B /* Project object */;
}
